
Microsoft Visual Studio Solution File, Format Version 12.00
Project("{2150E333-8FDC-42A3-9474-1A3956D46DE8}") = "projectUser", "projectUser", "{E7A77E17-3D64-48FE-BB83-997BCF3EF602}"
EndProject
Project("{FAE04EC0-301F-11D3-BF4B-00C04F79EFBC}") = "DAL", "projectUser\DAL\DAL.csproj", "{EEBC2422-31F7-4AD2-9FFE-54C413706644}"
EndProject
Project("{FAE04EC0-301F-11D3-BF4B-00C04F79EFBC}") = "BLL", "projectUser\BLL\BLL.csproj", "{C9461DDE-1B1A-4D7E-B607-B440CB46F349}"
EndProject
Project("{FAE04EC0-301F-11D3-BF4B-00C04F79EFBC}") = "API", "projectUser\API\API.csproj", "{9E506061-6A49-4D4B-93D6-5048643E7B3F}"
EndProject
Project("{2150E333-8FDC-42A3-9474-1A3956D46DE8}") = "project1", "project1", "{DF9E6D95-F5D9-4D97-B7E7-AA231967C76D}"
EndProject
Project("{FAE04EC0-301F-11D3-BF4B-00C04F79EFBC}") = "DAL1", "project1\DAL1\DAL1.csproj", "{93A451C9-8A52-4E29-A013-F58E049C1330}"
EndProject
Project("{FAE04EC0-301F-11D3-BF4B-00C04F79EFBC}") = "BLL1", "project1\BLL1\BLL1.csproj", "{E0949C7B-A5CA-4C8D-8519-7D391CDBD801}"
EndProject
Project("{FAE04EC0-301F-11D3-BF4B-00C04F79EFBC}") = "API1", "project1\API1\API1.csproj", "{E2AA84B4-15BE-4FB8-9B02-781C117DDD0F}"
EndProject
Project("{2150E333-8FDC-42A3-9474-1A3956D46DE8}") = "project2", "project2", "{FFEBFD6F-7FA8-4D7F-84A6-78F5C28D5F3A}"
EndProject
Project("{FAE04EC0-301F-11D3-BF4B-00C04F79EFBC}") = "DAL2", "project2\DAL2\DAL2.csproj", "{2E333BE6-5794-46CF-81E6-B6AA933203E5}"
EndProject
Project("{FAE04EC0-301F-11D3-BF4B-00C04F79EFBC}") = "BLL2", "project2\BLL2\BLL2.csproj", "{8CF52EC2-15C7-4843-A280-00249C595C59}"
EndProject
Project("{FAE04EC0-301F-11D3-BF4B-00C04F79EFBC}") = "API2", "project2\API2\API2.csproj", "{F9B5008A-C1ED-47A7-815B-FA41EE14DCB9}"
EndProject
Project("{2150E333-8FDC-42A3-9474-1A3956D46DE8}") = "project3", "project3", "{EC7646CE-201B-472B-8446-976C6B8E34C2}"
EndProject
Project("{FAE04EC0-301F-11D3-BF4B-00C04F79EFBC}") = "Domain", "project3\Domain\Domain.csproj", "{B7CB16CE-076C-43EA-81CF-64437B36DFD2}"
EndProject
Project("{FAE04EC0-301F-11D3-BF4B-00C04F79EFBC}") = "Application", "project3\Application\Application.csproj", "{D8814A0F-857C-4429-8F7D-5092D85E1B1B}"
EndProject
Project("{FAE04EC0-301F-11D3-BF4B-00C04F79EFBC}") = "Infrastructure", "project3\Infrastructure\Infrastructure.csproj", "{355CDA1D-30AB-4F8C-BDDD-B723B8688605}"
EndProject
Project("{FAE04EC0-301F-11D3-BF4B-00C04F79EFBC}") = "API3", "project3\API3\API3.csproj", "{50A5C4B1-8D59-4983-8AF5-99C484A12069}"
EndProject
Project("{2150E333-8FDC-42A3-9474-1A3956D46DE8}") = "OcelotAPIGateway", "OcelotAPIGateway", "{B56828B1-3EF4-465C-86CB-CB9D62B6F51D}"
EndProject
Project("{FAE04EC0-301F-11D3-BF4B-00C04F79EFBC}") = "APIGateway", "APIGateway\APIGateway.csproj", "{85B3D9FC-7744-4B72-AF3B-CA9A2E69638A}"
EndProject
Project("{2150E333-8FDC-42A3-9474-1A3956D46DE8}") = "RedisHistory", "RedisHistory", "{82D16331-7DAA-486C-8C54-7EC84528A217}"
EndProject
Project("{FAE04EC0-301F-11D3-BF4B-00C04F79EFBC}") = "DAL_Redis", "RedisHistory\DAL_Redis\DAL_Redis.csproj", "{95B3D604-0538-4C52-972E-184836F53A92}"
EndProject
Project("{FAE04EC0-301F-11D3-BF4B-00C04F79EFBC}") = "API_Redis", "RedisHistory\API_Redis\API_Redis.csproj", "{9CB76F6E-C35E-4046-B25E-CE80438E7B2D}"
EndProject
Project("{2150E333-8FDC-42A3-9474-1A3956D46DE8}") = "TestGRPC", "TestGRPC", "{277C83BB-AFD1-4CA7-9916-A39AB17ECCA1}"
EndProject
Project("{FAE04EC0-301F-11D3-BF4B-00C04F79EFBC}") = "GrpcServer", "TestGRPC\GrpcServer\GrpcServer.csproj", "{E3EB57A4-71AA-49FF-80B0-17CD6D1C81F1}"
EndProject
Project("{FAE04EC0-301F-11D3-BF4B-00C04F79EFBC}") = "GRPCConsoleClient", "TestGRPC\GRPCConsoleClient\GRPCConsoleClient.csproj", "{CF5EE1DB-8819-4D39-A8D5-08C1734FEC5E}"
EndProject
Project("{FAE04EC0-301F-11D3-BF4B-00C04F79EFBC}") = "SharedProject", "SharedProject\SharedProject.csproj", "{A9978E18-84C4-433E-AA54-9FBD28AF1401}"
EndProject
Global
	GlobalSection(SolutionConfigurationPlatforms) = preSolution
		Debug|Any CPU = Debug|Any CPU
		Release|Any CPU = Release|Any CPU
	EndGlobalSection
	GlobalSection(ProjectConfigurationPlatforms) = postSolution
		{EEBC2422-31F7-4AD2-9FFE-54C413706644}.Debug|Any CPU.ActiveCfg = Debug|Any CPU
		{EEBC2422-31F7-4AD2-9FFE-54C413706644}.Debug|Any CPU.Build.0 = Debug|Any CPU
		{EEBC2422-31F7-4AD2-9FFE-54C413706644}.Release|Any CPU.ActiveCfg = Release|Any CPU
		{EEBC2422-31F7-4AD2-9FFE-54C413706644}.Release|Any CPU.Build.0 = Release|Any CPU
		{C9461DDE-1B1A-4D7E-B607-B440CB46F349}.Debug|Any CPU.ActiveCfg = Debug|Any CPU
		{C9461DDE-1B1A-4D7E-B607-B440CB46F349}.Debug|Any CPU.Build.0 = Debug|Any CPU
		{C9461DDE-1B1A-4D7E-B607-B440CB46F349}.Release|Any CPU.ActiveCfg = Release|Any CPU
		{C9461DDE-1B1A-4D7E-B607-B440CB46F349}.Release|Any CPU.Build.0 = Release|Any CPU
		{9E506061-6A49-4D4B-93D6-5048643E7B3F}.Debug|Any CPU.ActiveCfg = Debug|Any CPU
		{9E506061-6A49-4D4B-93D6-5048643E7B3F}.Debug|Any CPU.Build.0 = Debug|Any CPU
		{9E506061-6A49-4D4B-93D6-5048643E7B3F}.Release|Any CPU.ActiveCfg = Release|Any CPU
		{9E506061-6A49-4D4B-93D6-5048643E7B3F}.Release|Any CPU.Build.0 = Release|Any CPU
		{93A451C9-8A52-4E29-A013-F58E049C1330}.Debug|Any CPU.ActiveCfg = Debug|Any CPU
		{93A451C9-8A52-4E29-A013-F58E049C1330}.Debug|Any CPU.Build.0 = Debug|Any CPU
		{93A451C9-8A52-4E29-A013-F58E049C1330}.Release|Any CPU.ActiveCfg = Release|Any CPU
		{93A451C9-8A52-4E29-A013-F58E049C1330}.Release|Any CPU.Build.0 = Release|Any CPU
		{E0949C7B-A5CA-4C8D-8519-7D391CDBD801}.Debug|Any CPU.ActiveCfg = Debug|Any CPU
		{E0949C7B-A5CA-4C8D-8519-7D391CDBD801}.Debug|Any CPU.Build.0 = Debug|Any CPU
		{E0949C7B-A5CA-4C8D-8519-7D391CDBD801}.Release|Any CPU.ActiveCfg = Release|Any CPU
		{E0949C7B-A5CA-4C8D-8519-7D391CDBD801}.Release|Any CPU.Build.0 = Release|Any CPU
		{E2AA84B4-15BE-4FB8-9B02-781C117DDD0F}.Debug|Any CPU.ActiveCfg = Debug|Any CPU
		{E2AA84B4-15BE-4FB8-9B02-781C117DDD0F}.Debug|Any CPU.Build.0 = Debug|Any CPU
		{E2AA84B4-15BE-4FB8-9B02-781C117DDD0F}.Release|Any CPU.ActiveCfg = Release|Any CPU
		{E2AA84B4-15BE-4FB8-9B02-781C117DDD0F}.Release|Any CPU.Build.0 = Release|Any CPU
		{2E333BE6-5794-46CF-81E6-B6AA933203E5}.Debug|Any CPU.ActiveCfg = Debug|Any CPU
		{2E333BE6-5794-46CF-81E6-B6AA933203E5}.Debug|Any CPU.Build.0 = Debug|Any CPU
		{2E333BE6-5794-46CF-81E6-B6AA933203E5}.Release|Any CPU.ActiveCfg = Release|Any CPU
		{2E333BE6-5794-46CF-81E6-B6AA933203E5}.Release|Any CPU.Build.0 = Release|Any CPU
		{8CF52EC2-15C7-4843-A280-00249C595C59}.Debug|Any CPU.ActiveCfg = Debug|Any CPU
		{8CF52EC2-15C7-4843-A280-00249C595C59}.Debug|Any CPU.Build.0 = Debug|Any CPU
		{8CF52EC2-15C7-4843-A280-00249C595C59}.Release|Any CPU.ActiveCfg = Release|Any CPU
		{8CF52EC2-15C7-4843-A280-00249C595C59}.Release|Any CPU.Build.0 = Release|Any CPU
		{F9B5008A-C1ED-47A7-815B-FA41EE14DCB9}.Debug|Any CPU.ActiveCfg = Debug|Any CPU
		{F9B5008A-C1ED-47A7-815B-FA41EE14DCB9}.Debug|Any CPU.Build.0 = Debug|Any CPU
		{F9B5008A-C1ED-47A7-815B-FA41EE14DCB9}.Release|Any CPU.ActiveCfg = Release|Any CPU
		{F9B5008A-C1ED-47A7-815B-FA41EE14DCB9}.Release|Any CPU.Build.0 = Release|Any CPU
		{B7CB16CE-076C-43EA-81CF-64437B36DFD2}.Debug|Any CPU.ActiveCfg = Debug|Any CPU
		{B7CB16CE-076C-43EA-81CF-64437B36DFD2}.Debug|Any CPU.Build.0 = Debug|Any CPU
		{B7CB16CE-076C-43EA-81CF-64437B36DFD2}.Release|Any CPU.ActiveCfg = Release|Any CPU
		{B7CB16CE-076C-43EA-81CF-64437B36DFD2}.Release|Any CPU.Build.0 = Release|Any CPU
		{D8814A0F-857C-4429-8F7D-5092D85E1B1B}.Debug|Any CPU.ActiveCfg = Debug|Any CPU
		{D8814A0F-857C-4429-8F7D-5092D85E1B1B}.Debug|Any CPU.Build.0 = Debug|Any CPU
		{D8814A0F-857C-4429-8F7D-5092D85E1B1B}.Release|Any CPU.ActiveCfg = Release|Any CPU
		{D8814A0F-857C-4429-8F7D-5092D85E1B1B}.Release|Any CPU.Build.0 = Release|Any CPU
		{355CDA1D-30AB-4F8C-BDDD-B723B8688605}.Debug|Any CPU.ActiveCfg = Debug|Any CPU
		{355CDA1D-30AB-4F8C-BDDD-B723B8688605}.Debug|Any CPU.Build.0 = Debug|Any CPU
		{355CDA1D-30AB-4F8C-BDDD-B723B8688605}.Release|Any CPU.ActiveCfg = Release|Any CPU
		{355CDA1D-30AB-4F8C-BDDD-B723B8688605}.Release|Any CPU.Build.0 = Release|Any CPU
		{50A5C4B1-8D59-4983-8AF5-99C484A12069}.Debug|Any CPU.ActiveCfg = Debug|Any CPU
		{50A5C4B1-8D59-4983-8AF5-99C484A12069}.Debug|Any CPU.Build.0 = Debug|Any CPU
		{50A5C4B1-8D59-4983-8AF5-99C484A12069}.Release|Any CPU.ActiveCfg = Release|Any CPU
		{50A5C4B1-8D59-4983-8AF5-99C484A12069}.Release|Any CPU.Build.0 = Release|Any CPU
		{85B3D9FC-7744-4B72-AF3B-CA9A2E69638A}.Debug|Any CPU.ActiveCfg = Debug|Any CPU
		{85B3D9FC-7744-4B72-AF3B-CA9A2E69638A}.Debug|Any CPU.Build.0 = Debug|Any CPU
		{85B3D9FC-7744-4B72-AF3B-CA9A2E69638A}.Release|Any CPU.ActiveCfg = Release|Any CPU
		{85B3D9FC-7744-4B72-AF3B-CA9A2E69638A}.Release|Any CPU.Build.0 = Release|Any CPU
		{95B3D604-0538-4C52-972E-184836F53A92}.Debug|Any CPU.ActiveCfg = Debug|Any CPU
		{95B3D604-0538-4C52-972E-184836F53A92}.Debug|Any CPU.Build.0 = Debug|Any CPU
		{95B3D604-0538-4C52-972E-184836F53A92}.Release|Any CPU.ActiveCfg = Release|Any CPU
		{95B3D604-0538-4C52-972E-184836F53A92}.Release|Any CPU.Build.0 = Release|Any CPU
		{9CB76F6E-C35E-4046-B25E-CE80438E7B2D}.Debug|Any CPU.ActiveCfg = Debug|Any CPU
		{9CB76F6E-C35E-4046-B25E-CE80438E7B2D}.Debug|Any CPU.Build.0 = Debug|Any CPU
		{9CB76F6E-C35E-4046-B25E-CE80438E7B2D}.Release|Any CPU.ActiveCfg = Release|Any CPU
		{9CB76F6E-C35E-4046-B25E-CE80438E7B2D}.Release|Any CPU.Build.0 = Release|Any CPU
		{E3EB57A4-71AA-49FF-80B0-17CD6D1C81F1}.Debug|Any CPU.ActiveCfg = Debug|Any CPU
		{E3EB57A4-71AA-49FF-80B0-17CD6D1C81F1}.Debug|Any CPU.Build.0 = Debug|Any CPU
		{E3EB57A4-71AA-49FF-80B0-17CD6D1C81F1}.Release|Any CPU.ActiveCfg = Release|Any CPU
		{E3EB57A4-71AA-49FF-80B0-17CD6D1C81F1}.Release|Any CPU.Build.0 = Release|Any CPU
		{CF5EE1DB-8819-4D39-A8D5-08C1734FEC5E}.Debug|Any CPU.ActiveCfg = Debug|Any CPU
		{CF5EE1DB-8819-4D39-A8D5-08C1734FEC5E}.Debug|Any CPU.Build.0 = Debug|Any CPU
		{CF5EE1DB-8819-4D39-A8D5-08C1734FEC5E}.Release|Any CPU.ActiveCfg = Release|Any CPU
		{CF5EE1DB-8819-4D39-A8D5-08C1734FEC5E}.Release|Any CPU.Build.0 = Release|Any CPU
		{A9978E18-84C4-433E-AA54-9FBD28AF1401}.Debug|Any CPU.ActiveCfg = Debug|Any CPU
		{A9978E18-84C4-433E-AA54-9FBD28AF1401}.Debug|Any CPU.Build.0 = Debug|Any CPU
		{A9978E18-84C4-433E-AA54-9FBD28AF1401}.Release|Any CPU.ActiveCfg = Release|Any CPU
		{A9978E18-84C4-433E-AA54-9FBD28AF1401}.Release|Any CPU.Build.0 = Release|Any CPU
	EndGlobalSection
	GlobalSection(NestedProjects) = preSolution
		{EEBC2422-31F7-4AD2-9FFE-54C413706644} = {E7A77E17-3D64-48FE-BB83-997BCF3EF602}
		{C9461DDE-1B1A-4D7E-B607-B440CB46F349} = {E7A77E17-3D64-48FE-BB83-997BCF3EF602}
		{9E506061-6A49-4D4B-93D6-5048643E7B3F} = {E7A77E17-3D64-48FE-BB83-997BCF3EF602}
		{93A451C9-8A52-4E29-A013-F58E049C1330} = {DF9E6D95-F5D9-4D97-B7E7-AA231967C76D}
		{E0949C7B-A5CA-4C8D-8519-7D391CDBD801} = {DF9E6D95-F5D9-4D97-B7E7-AA231967C76D}
		{E2AA84B4-15BE-4FB8-9B02-781C117DDD0F} = {DF9E6D95-F5D9-4D97-B7E7-AA231967C76D}
		{2E333BE6-5794-46CF-81E6-B6AA933203E5} = {FFEBFD6F-7FA8-4D7F-84A6-78F5C28D5F3A}
		{8CF52EC2-15C7-4843-A280-00249C595C59} = {FFEBFD6F-7FA8-4D7F-84A6-78F5C28D5F3A}
		{F9B5008A-C1ED-47A7-815B-FA41EE14DCB9} = {FFEBFD6F-7FA8-4D7F-84A6-78F5C28D5F3A}
		{B7CB16CE-076C-43EA-81CF-64437B36DFD2} = {EC7646CE-201B-472B-8446-976C6B8E34C2}
		{D8814A0F-857C-4429-8F7D-5092D85E1B1B} = {EC7646CE-201B-472B-8446-976C6B8E34C2}
		{355CDA1D-30AB-4F8C-BDDD-B723B8688605} = {EC7646CE-201B-472B-8446-976C6B8E34C2}
		{50A5C4B1-8D59-4983-8AF5-99C484A12069} = {EC7646CE-201B-472B-8446-976C6B8E34C2}
		{85B3D9FC-7744-4B72-AF3B-CA9A2E69638A} = {B56828B1-3EF4-465C-86CB-CB9D62B6F51D}
		{95B3D604-0538-4C52-972E-184836F53A92} = {82D16331-7DAA-486C-8C54-7EC84528A217}
		{9CB76F6E-C35E-4046-B25E-CE80438E7B2D} = {82D16331-7DAA-486C-8C54-7EC84528A217}
		{E3EB57A4-71AA-49FF-80B0-17CD6D1C81F1} = {277C83BB-AFD1-4CA7-9916-A39AB17ECCA1}
		{CF5EE1DB-8819-4D39-A8D5-08C1734FEC5E} = {277C83BB-AFD1-4CA7-9916-A39AB17ECCA1}
	EndGlobalSection
EndGlobal
